{
  "name": "escuela-it",
  "version": "1.0.0",
  "lockfileVersion": 1,
  "requires": true,
  "dependencies": {
    "cookies-js": {
      "version": "1.2.3",
      "resolved": "https://registry.npmjs.org/cookies-js/-/cookies-js-1.2.3.tgz",
      "integrity": "sha1-AzFQSefFK+4/cxhqaRZ+qw3bLTE="
    },
    "jquery": {
      "version": "3.3.1",
      "resolved": "https://registry.npmjs.org/jquery/-/jquery-3.3.1.tgz",
      "integrity": "sha512-Ubldcmxp5np52/ENotGxlLe6aGMvmF4R8S6tZjsP6Knsaxd/xp3Zrh50cG93lR6nPXyUFwzN3ZSOQI0wRJNdGg=="
    }
  }
}
